
Microsoft Visual Studio Solution File, Format Version 12.00
# Visual Studio Version 17
VisualStudioVersion = 17.8.34525.116
MinimumVisualStudioVersion = 10.0.40219.1
Project("{9A19103F-16F7-4668-BE54-9A1E7A4F7556}") = "TestFishingTicket", "TestFishingTicket\TestFishingTicket.csproj", "{C15B5E64-D946-4E90-B059-732DC3F29CE9}"
EndProject
Project("{9A19103F-16F7-4668-BE54-9A1E7A4F7556}") = "BLL", "BLL\BLL.csproj", "{17DD9C9B-21DC-49E2-962D-4658D34E7F56}"
EndProject
Project("{9A19103F-16F7-4668-BE54-9A1E7A4F7556}") = "DAL", "DAL\DAL.csproj", "{653E6E5B-BD20-4BEF-A4F3-C1AD7A91ED2E}"
EndProject
Project("{E53339B2-1760-4266-BCC7-CA923CBCF16C}") = "docker-compose", "docker-compose.dcproj", "{CF79CF6E-5200-4C98-A4C3-8CD1FB0D9590}"
EndProject
Global
	GlobalSection(SolutionConfigurationPlatforms) = preSolution
		Debug|Any CPU = Debug|Any CPU
		Release|Any CPU = Release|Any CPU
	EndGlobalSection
	GlobalSection(ProjectConfigurationPlatforms) = postSolution
		{C15B5E64-D946-4E90-B059-732DC3F29CE9}.Debug|Any CPU.ActiveCfg = Debug|Any CPU
		{C15B5E64-D946-4E90-B059-732DC3F29CE9}.Debug|Any CPU.Build.0 = Debug|Any CPU
		{C15B5E64-D946-4E90-B059-732DC3F29CE9}.Release|Any CPU.ActiveCfg = Release|Any CPU
		{C15B5E64-D946-4E90-B059-732DC3F29CE9}.Release|Any CPU.Build.0 = Release|Any CPU
		{17DD9C9B-21DC-49E2-962D-4658D34E7F56}.Debug|Any CPU.ActiveCfg = Debug|Any CPU
		{17DD9C9B-21DC-49E2-962D-4658D34E7F56}.Debug|Any CPU.Build.0 = Debug|Any CPU
		{17DD9C9B-21DC-49E2-962D-4658D34E7F56}.Release|Any CPU.ActiveCfg = Release|Any CPU
		{17DD9C9B-21DC-49E2-962D-4658D34E7F56}.Release|Any CPU.Build.0 = Release|Any CPU
		{653E6E5B-BD20-4BEF-A4F3-C1AD7A91ED2E}.Debug|Any CPU.ActiveCfg = Debug|Any CPU
		{653E6E5B-BD20-4BEF-A4F3-C1AD7A91ED2E}.Debug|Any CPU.Build.0 = Debug|Any CPU
		{653E6E5B-BD20-4BEF-A4F3-C1AD7A91ED2E}.Release|Any CPU.ActiveCfg = Release|Any CPU
		{653E6E5B-BD20-4BEF-A4F3-C1AD7A91ED2E}.Release|Any CPU.Build.0 = Release|Any CPU
		{CF79CF6E-5200-4C98-A4C3-8CD1FB0D9590}.Debug|Any CPU.ActiveCfg = Debug|Any CPU
		{CF79CF6E-5200-4C98-A4C3-8CD1FB0D9590}.Debug|Any CPU.Build.0 = Debug|Any CPU
		{CF79CF6E-5200-4C98-A4C3-8CD1FB0D9590}.Release|Any CPU.ActiveCfg = Release|Any CPU
		{CF79CF6E-5200-4C98-A4C3-8CD1FB0D9590}.Release|Any CPU.Build.0 = Release|Any CPU
	EndGlobalSection
	GlobalSection(SolutionProperties) = preSolution
		HideSolutionNode = FALSE
	EndGlobalSection
	GlobalSection(ExtensibilityGlobals) = postSolution
		SolutionGuid = {4C871C46-2B16-47BD-9461-0CEA27F179A9}
	EndGlobalSection
EndGlobal
